
Microsoft Visual Studio Solution File, Format Version 11.00
# Visual Studio 2010
Project("{FAE04EC0-301F-11D3-BF4B-00C04F79EFBC}") = "ONE75.Shoot.Winforms", "ONE75.Shoot.Winforms\ONE75.Shoot.Winforms.csproj", "{427E44E2-787C-4D43-BF2A-74D34C4CD3D7}"
EndProject
Project("{FAE04EC0-301F-11D3-BF4B-00C04F79EFBC}") = "ONE75.Shoot.Core", "ONE75.Shoot.Core\ONE75.Shoot.Core.csproj", "{8A44CBC0-BD0A-486A-B6DA-272591B1CC5C}"
EndProject
Global
	GlobalSection(SolutionConfigurationPlatforms) = preSolution
		Debug|Any CPU = Debug|Any CPU
		Debug|Mixed Platforms = Debug|Mixed Platforms
		Debug|x86 = Debug|x86
		Release|Any CPU = Release|Any CPU
		Release|Mixed Platforms = Release|Mixed Platforms
		Release|x86 = Release|x86
	EndGlobalSection
	GlobalSection(ProjectConfigurationPlatforms) = postSolution
		{427E44E2-787C-4D43-BF2A-74D34C4CD3D7}.Debug|Any CPU.ActiveCfg = Debug|x86
		{427E44E2-787C-4D43-BF2A-74D34C4CD3D7}.Debug|Mixed Platforms.ActiveCfg = Debug|x86
		{427E44E2-787C-4D43-BF2A-74D34C4CD3D7}.Debug|Mixed Platforms.Build.0 = Debug|x86
		{427E44E2-787C-4D43-BF2A-74D34C4CD3D7}.Debug|x86.ActiveCfg = Debug|x86
		{427E44E2-787C-4D43-BF2A-74D34C4CD3D7}.Debug|x86.Build.0 = Debug|x86
		{427E44E2-787C-4D43-BF2A-74D34C4CD3D7}.Release|Any CPU.ActiveCfg = Release|x86
		{427E44E2-787C-4D43-BF2A-74D34C4CD3D7}.Release|Mixed Platforms.ActiveCfg = Release|x86
		{427E44E2-787C-4D43-BF2A-74D34C4CD3D7}.Release|Mixed Platforms.Build.0 = Release|x86
		{427E44E2-787C-4D43-BF2A-74D34C4CD3D7}.Release|x86.ActiveCfg = Release|x86
		{427E44E2-787C-4D43-BF2A-74D34C4CD3D7}.Release|x86.Build.0 = Release|x86
		{8A44CBC0-BD0A-486A-B6DA-272591B1CC5C}.Debug|Any CPU.ActiveCfg = Debug|Any CPU
		{8A44CBC0-BD0A-486A-B6DA-272591B1CC5C}.Debug|Any CPU.Build.0 = Debug|Any CPU
		{8A44CBC0-BD0A-486A-B6DA-272591B1CC5C}.Debug|Mixed Platforms.ActiveCfg = Debug|Any CPU
		{8A44CBC0-BD0A-486A-B6DA-272591B1CC5C}.Debug|Mixed Platforms.Build.0 = Debug|Any CPU
		{8A44CBC0-BD0A-486A-B6DA-272591B1CC5C}.Debug|x86.ActiveCfg = Debug|Any CPU
		{8A44CBC0-BD0A-486A-B6DA-272591B1CC5C}.Release|Any CPU.ActiveCfg = Release|Any CPU
		{8A44CBC0-BD0A-486A-B6DA-272591B1CC5C}.Release|Any CPU.Build.0 = Release|Any CPU
		{8A44CBC0-BD0A-486A-B6DA-272591B1CC5C}.Release|Mixed Platforms.ActiveCfg = Release|Any CPU
		{8A44CBC0-BD0A-486A-B6DA-272591B1CC5C}.Release|Mixed Platforms.Build.0 = Release|Any CPU
		{8A44CBC0-BD0A-486A-B6DA-272591B1CC5C}.Release|x86.ActiveCfg = Release|Any CPU
	EndGlobalSection
	GlobalSection(SolutionProperties) = preSolution
		HideSolutionNode = FALSE
	EndGlobalSection
EndGlobal
